
Microsoft Visual Studio Solution File, Format Version 12.00
# Visual Studio Version 17
VisualStudioVersion = 17.5.002.0
MinimumVisualStudioVersion = 10.0.40219.1
Project("{9A19103F-16F7-4668-BE54-9A1E7A4F7556}") = "dojo-tic-tac-toe", "DojoApp\dojo-tic-tac-toe.csproj", "{056273E3-85BE-444E-9A35-CD79C61E4C5C}"
EndProject
Project("{FAE04EC0-301F-11D3-BF4B-00C04F79EFBC}") = "DojoAppTests", "DojoAppTests\DojoAppTests.csproj", "{E97683A2-BEFB-496B-9780-FAE5AA88F4B2}"
EndProject
Global
	GlobalSection(SolutionConfigurationPlatforms) = preSolution
		Debug|Any CPU = Debug|Any CPU
		Release|Any CPU = Release|Any CPU
	EndGlobalSection
	GlobalSection(ProjectConfigurationPlatforms) = postSolution
		{056273E3-85BE-444E-9A35-CD79C61E4C5C}.Debug|Any CPU.ActiveCfg = Debug|Any CPU
		{056273E3-85BE-444E-9A35-CD79C61E4C5C}.Debug|Any CPU.Build.0 = Debug|Any CPU
		{056273E3-85BE-444E-9A35-CD79C61E4C5C}.Release|Any CPU.ActiveCfg = Release|Any CPU
		{056273E3-85BE-444E-9A35-CD79C61E4C5C}.Release|Any CPU.Build.0 = Release|Any CPU
		{E97683A2-BEFB-496B-9780-FAE5AA88F4B2}.Debug|Any CPU.ActiveCfg = Debug|Any CPU
		{E97683A2-BEFB-496B-9780-FAE5AA88F4B2}.Debug|Any CPU.Build.0 = Debug|Any CPU
		{E97683A2-BEFB-496B-9780-FAE5AA88F4B2}.Release|Any CPU.ActiveCfg = Release|Any CPU
		{E97683A2-BEFB-496B-9780-FAE5AA88F4B2}.Release|Any CPU.Build.0 = Release|Any CPU
	EndGlobalSection
	GlobalSection(SolutionProperties) = preSolution
		HideSolutionNode = FALSE
	EndGlobalSection
	GlobalSection(ExtensibilityGlobals) = postSolution
		SolutionGuid = {BF254361-0B69-4FB9-B7EC-A69396548A9F}
	EndGlobalSection
EndGlobal
